
Microsoft Visual Studio Solution File, Format Version 12.00
# Visual Studio Version 17
VisualStudioVersion = 17.8.34511.84
MinimumVisualStudioVersion = 10.0.40219.1
Project("{FAE04EC0-301F-11D3-BF4B-00C04F79EFBC}") = "ETC_85", "ETC_85.csproj", "{CC7576BD-83DA-40A2-AC29-F001DD638EC9}"
EndProject
Global
	GlobalSection(SolutionConfigurationPlatforms) = preSolution
		Debug|Any CPU = Debug|Any CPU
		Release|Any CPU = Release|Any CPU
	EndGlobalSection
	GlobalSection(ProjectConfigurationPlatforms) = postSolution
		{CC7576BD-83DA-40A2-AC29-F001DD638EC9}.Debug|Any CPU.ActiveCfg = Debug|Any CPU
		{CC7576BD-83DA-40A2-AC29-F001DD638EC9}.Debug|Any CPU.Build.0 = Debug|Any CPU
		{CC7576BD-83DA-40A2-AC29-F001DD638EC9}.Release|Any CPU.ActiveCfg = Release|Any CPU
		{CC7576BD-83DA-40A2-AC29-F001DD638EC9}.Release|Any CPU.Build.0 = Release|Any CPU
	EndGlobalSection
	GlobalSection(SolutionProperties) = preSolution
		HideSolutionNode = FALSE
	EndGlobalSection
	GlobalSection(ExtensibilityGlobals) = postSolution
		SolutionGuid = {7C00F6EA-CF26-48EC-9274-67D95ECADE7E}
	EndGlobalSection
EndGlobal
